// !$*UTF8*$!
{
	archiveVersion = 1;
	classes = {
	};
	objectVersion = 55;
	objects = {

/* Begin PBXBuildFile section */
		782670FB281EB335005FD952 /* AppDelegate.swift in Sources */ = {isa = PBXBuildFile; fileRef = 782670FA281EB335005FD952 /* AppDelegate.swift */; };
		782670FD281EB335005FD952 /* SceneDelegate.swift in Sources */ = {isa = PBXBuildFile; fileRef = 782670FC281EB335005FD952 /* SceneDelegate.swift */; };
		78267102281EB335005FD952 /* Main.storyboard in Resources */ = {isa = PBXBuildFile; fileRef = 78267100281EB335005FD952 /* Main.storyboard */; };
		78267104281EB335005FD952 /* Assets.xcassets in Resources */ = {isa = PBXBuildFile; fileRef = 78267103281EB335005FD952 /* Assets.xcassets */; };
		78267107281EB335005FD952 /* LaunchScreen.storyboard in Resources */ = {isa = PBXBuildFile; fileRef = 78267105281EB335005FD952 /* LaunchScreen.storyboard */; };
		78267115281EB8F1005FD952 /* ConversationsVC.swift in Sources */ = {isa = PBXBuildFile; fileRef = 78267114281EB8F1005FD952 /* ConversationsVC.swift */; };
		78267117281EB9F7005FD952 /* LoginVC.swift in Sources */ = {isa = PBXBuildFile; fileRef = 78267116281EB9F7005FD952 /* LoginVC.swift */; };
		78267119281EBA07005FD952 /* RegisterVC.swift in Sources */ = {isa = PBXBuildFile; fileRef = 78267118281EBA07005FD952 /* RegisterVC.swift */; };
		7826711B281EBA28005FD952 /* PhotoViewerVC.swift in Sources */ = {isa = PBXBuildFile; fileRef = 7826711A281EBA28005FD952 /* PhotoViewerVC.swift */; };
		7826711F281EBA6D005FD952 /* NewConversationVC.swift in Sources */ = {isa = PBXBuildFile; fileRef = 7826711E281EBA6D005FD952 /* NewConversationVC.swift */; };
		78267121281EBA91005FD952 /* ProfileVC.swift in Sources */ = {isa = PBXBuildFile; fileRef = 78267120281EBA91005FD952 /* ProfileVC.swift */; };
		78267124281ED4A7005FD952 /* UIView+Extension.swift in Sources */ = {isa = PBXBuildFile; fileRef = 78267123281ED4A7005FD952 /* UIView+Extension.swift */; };
		78267127281FB039005FD952 /* FirebaseAuth in Frameworks */ = {isa = PBXBuildFile; productRef = 78267126281FB039005FD952 /* FirebaseAuth */; };
		78267129281FB03A005FD952 /* FirebaseDatabase in Frameworks */ = {isa = PBXBuildFile; productRef = 78267128281FB039005FD952 /* FirebaseDatabase */; };
		7826712D281FD962005FD952 /* DatabaseManager.swift in Sources */ = {isa = PBXBuildFile; fileRef = 7826712C281FD962005FD952 /* DatabaseManager.swift */; };
		7826712F281FDBF3005FD952 /* GoogleService-Info.plist in Resources */ = {isa = PBXBuildFile; fileRef = 7826712E281FDBF3005FD952 /* GoogleService-Info.plist */; };
		7826713228201385005FD952 /* FacebookLogin in Frameworks */ = {isa = PBXBuildFile; productRef = 7826713128201385005FD952 /* FacebookLogin */; };
		7829F002284F633000228B69 /* String+Extension.swift in Sources */ = {isa = PBXBuildFile; fileRef = 7829F001284F633000228B69 /* String+Extension.swift */; };
		7829F004284F87AF00228B69 /* BindingTextField.swift in Sources */ = {isa = PBXBuildFile; fileRef = 7829F003284F87AF00228B69 /* BindingTextField.swift */; };
		7841ACC72849E50100F6626A /* FirebaseMessaging in Frameworks */ = {isa = PBXBuildFile; productRef = 7841ACC62849E50100F6626A /* FirebaseMessaging */; };
		78677E7A284CEC0800DA0945 /* AudioVC.swift in Sources */ = {isa = PBXBuildFile; fileRef = 78677E79284CEC0800DA0945 /* AudioVC.swift */; };
		7879DB3D2820D6EF0017AC60 /* GoogleSignIn in Frameworks */ = {isa = PBXBuildFile; productRef = 7879DB3C2820D6EF0017AC60 /* GoogleSignIn */; };
		7879DB46282148600017AC60 /* MessageKit in Frameworks */ = {isa = PBXBuildFile; productRef = 7879DB45282148600017AC60 /* MessageKit */; };
		7879DB49282149E30017AC60 /* SDWebImage in Frameworks */ = {isa = PBXBuildFile; productRef = 7879DB48282149E30017AC60 /* SDWebImage */; };
		7879DB4C282150750017AC60 /* RealmSwift in Frameworks */ = {isa = PBXBuildFile; productRef = 7879DB4B282150750017AC60 /* RealmSwift */; };
		7879DB4F282151B10017AC60 /* JGProgressHUD in Frameworks */ = {isa = PBXBuildFile; productRef = 7879DB4E282151B10017AC60 /* JGProgressHUD */; };
		7879DB51282157090017AC60 /* ChatVC.swift in Sources */ = {isa = PBXBuildFile; fileRef = 7879DB50282157090017AC60 /* ChatVC.swift */; };
		7879DB54282172870017AC60 /* FirebaseDatabase in Frameworks */ = {isa = PBXBuildFile; productRef = 7879DB53282172870017AC60 /* FirebaseDatabase */; };
		7879DB57282172CA0017AC60 /* FirebaseStorage in Frameworks */ = {isa = PBXBuildFile; productRef = 7879DB56282172CA0017AC60 /* FirebaseStorage */; };
		7879DB59282175330017AC60 /* StorageManager.swift in Sources */ = {isa = PBXBuildFile; fileRef = 7879DB58282175330017AC60 /* StorageManager.swift */; };
		787FCDB42851DE8B002CE6B8 /* ProfileTableViewCell.swift in Sources */ = {isa = PBXBuildFile; fileRef = 787FCDB32851DE8B002CE6B8 /* ProfileTableViewCell.swift */; };
		787FCDB62851FBCB002CE6B8 /* AppInfoVC.swift in Sources */ = {isa = PBXBuildFile; fileRef = 787FCDB52851FBCB002CE6B8 /* AppInfoVC.swift */; };
		787FCDBA28525270002CE6B8 /* Onboarding.storyboard in Resources */ = {isa = PBXBuildFile; fileRef = 787FCDB928525270002CE6B8 /* Onboarding.storyboard */; };
		787FCDBC28530BD8002CE6B8 /* WalkthroughContentVC.swift in Sources */ = {isa = PBXBuildFile; fileRef = 787FCDBB28530BD8002CE6B8 /* WalkthroughContentVC.swift */; };
		787FCDBE28530C1D002CE6B8 /* WalkthroughPageVC.swift in Sources */ = {isa = PBXBuildFile; fileRef = 787FCDBD28530C1D002CE6B8 /* WalkthroughPageVC.swift */; };
		787FCDC028530C45002CE6B8 /* WalkthroughVC.swift in Sources */ = {isa = PBXBuildFile; fileRef = 787FCDBF28530C45002CE6B8 /* WalkthroughVC.swift */; };
		7896D56A2840B00A0094A354 /* LocationPickerVC.swift in Sources */ = {isa = PBXBuildFile; fileRef = 7896D5692840B00A0094A354 /* LocationPickerVC.swift */; };
		7896D56D2840D1B70094A354 /* FirebaseCrashlytics in Frameworks */ = {isa = PBXBuildFile; productRef = 7896D56C2840D1B70094A354 /* FirebaseCrashlytics */; };
		7896D5712840D3AA0094A354 /* FirebaseAnalytics in Frameworks */ = {isa = PBXBuildFile; productRef = 7896D5702840D3AA0094A354 /* FirebaseAnalytics */; };
		7896D573284102F00094A354 /* ChatModels.swift in Sources */ = {isa = PBXBuildFile; fileRef = 7896D572284102F00094A354 /* ChatModels.swift */; };
		7896D575284104BC0094A354 /* SearchResult.swift in Sources */ = {isa = PBXBuildFile; fileRef = 7896D574284104BC0094A354 /* SearchResult.swift */; };
		7896D577284105170094A354 /* ProfileViewModel.swift in Sources */ = {isa = PBXBuildFile; fileRef = 7896D576284105170094A354 /* ProfileViewModel.swift */; };
		7896D57B2843820D0094A354 /* Notification+Extension.swift in Sources */ = {isa = PBXBuildFile; fileRef = 7896D57A2843820D0094A354 /* Notification+Extension.swift */; };
		789F3F602835006D00EA5A7C /* ConversationsModels.swift in Sources */ = {isa = PBXBuildFile; fileRef = 789F3F5F2835006D00EA5A7C /* ConversationsModels.swift */; };
		789F3F62283B494B00EA5A7C /* NewConversationCell.swift in Sources */ = {isa = PBXBuildFile; fileRef = 789F3F61283B494B00EA5A7C /* NewConversationCell.swift */; };
		78D09E4328290A85004688AE /* ConversationTableViewCell.swift in Sources */ = {isa = PBXBuildFile; fileRef = 78D09E4228290A85004688AE /* ConversationTableViewCell.swift */; };
		78FF319A284D99E200BDA19C /* UIImage+Extension.swift in Sources */ = {isa = PBXBuildFile; fileRef = 78FF3199284D99E100BDA19C /* UIImage+Extension.swift */; };
		78FF319C284F245100BDA19C /* BasicAudioController.swift in Sources */ = {isa = PBXBuildFile; fileRef = 78FF319B284F245100BDA19C /* BasicAudioController.swift */; };
/* End PBXBuildFile section */

/* Begin PBXFileReference section */
		782670F7281EB335005FD952 /* Messenger.app */ = {isa = PBXFileReference; explicitFileType = wrapper.application; includeInIndex = 0; path = Messenger.app; sourceTree = BUILT_PRODUCTS_DIR; };
		782670FA281EB335005FD952 /* AppDelegate.swift */ = {isa = PBXFileReference; lastKnownFileType = sourcecode.swift; path = AppDelegate.swift; sourceTree = "<group>"; };
		782670FC281EB335005FD952 /* SceneDelegate.swift */ = {isa = PBXFileReference; lastKnownFileType = sourcecode.swift; path = SceneDelegate.swift; sourceTree = "<group>"; };
		78267101281EB335005FD952 /* Base */ = {isa = PBXFileReference; lastKnownFileType = file.storyboard; name = Base; path = Base.lproj/Main.storyboard; sourceTree = "<group>"; };
		78267103281EB335005FD952 /* Assets.xcassets */ = {isa = PBXFileReference; lastKnownFileType = folder.assetcatalog; path = Assets.xcassets; sourceTree = "<group>"; };
		78267106281EB335005FD952 /* Base */ = {isa = PBXFileReference; lastKnownFileType = file.storyboard; name = Base; path = Base.lproj/LaunchScreen.storyboard; sourceTree = "<group>"; };
		78267108281EB335005FD952 /* Info.plist */ = {isa = PBXFileReference; lastKnownFileType = text.plist.xml; path = Info.plist; sourceTree = "<group>"; };
		78267114281EB8F1005FD952 /* ConversationsVC.swift */ = {isa = PBXFileReference; lastKnownFileType = sourcecode.swift; path = ConversationsVC.swift; sourceTree = "<group>"; };
		78267116281EB9F7005FD952 /* LoginVC.swift */ = {isa = PBXFileReference; lastKnownFileType = sourcecode.swift; path = LoginVC.swift; sourceTree = "<group>"; };
		78267118281EBA07005FD952 /* RegisterVC.swift */ = {isa = PBXFileReference; lastKnownFileType = sourcecode.swift; path = RegisterVC.swift; sourceTree = "<group>"; };
		7826711A281EBA28005FD952 /* PhotoViewerVC.swift */ = {isa = PBXFileReference; lastKnownFileType = sourcecode.swift; path = PhotoViewerVC.swift; sourceTree = "<group>"; };
		7826711E281EBA6D005FD952 /* NewConversationVC.swift */ = {isa = PBXFileReference; lastKnownFileType = sourcecode.swift; path = NewConversationVC.swift; sourceTree = "<group>"; };
		78267120281EBA91005FD952 /* ProfileVC.swift */ = {isa = PBXFileReference; lastKnownFileType = sourcecode.swift; path = ProfileVC.swift; sourceTree = "<group>"; };
		78267123281ED4A7005FD952 /* UIView+Extension.swift */ = {isa = PBXFileReference; lastKnownFileType = sourcecode.swift; path = "UIView+Extension.swift"; sourceTree = "<group>"; };
		7826712C281FD962005FD952 /* DatabaseManager.swift */ = {isa = PBXFileReference; lastKnownFileType = sourcecode.swift; path = DatabaseManager.swift; sourceTree = "<group>"; };
		7826712E281FDBF3005FD952 /* GoogleService-Info.plist */ = {isa = PBXFileReference; fileEncoding = 4; lastKnownFileType = text.plist.xml; path = "GoogleService-Info.plist"; sourceTree = "<group>"; };
		7826713328201400005FD952 /* Messenger.entitlements */ = {isa = PBXFileReference; lastKnownFileType = text.plist.entitlements; path = Messenger.entitlements; sourceTree = "<group>"; };
		7829F001284F633000228B69 /* String+Extension.swift */ = {isa = PBXFileReference; lastKnownFileType = sourcecode.swift; path = "String+Extension.swift"; sourceTree = "<group>"; };
		7829F003284F87AF00228B69 /* BindingTextField.swift */ = {isa = PBXFileReference; lastKnownFileType = sourcecode.swift; path = BindingTextField.swift; sourceTree = "<group>"; };
		78677E79284CEC0800DA0945 /* AudioVC.swift */ = {isa = PBXFileReference; lastKnownFileType = sourcecode.swift; path = AudioVC.swift; sourceTree = "<group>"; };
		7879DB50282157090017AC60 /* ChatVC.swift */ = {isa = PBXFileReference; lastKnownFileType = sourcecode.swift; path = ChatVC.swift; sourceTree = "<group>"; };
		7879DB58282175330017AC60 /* StorageManager.swift */ = {isa = PBXFileReference; lastKnownFileType = sourcecode.swift; path = StorageManager.swift; sourceTree = "<group>"; };
		787FCDB32851DE8B002CE6B8 /* ProfileTableViewCell.swift */ = {isa = PBXFileReference; lastKnownFileType = sourcecode.swift; path = ProfileTableViewCell.swift; sourceTree = "<group>"; };
		787FCDB52851FBCB002CE6B8 /* AppInfoVC.swift */ = {isa = PBXFileReference; lastKnownFileType = sourcecode.swift; path = AppInfoVC.swift; sourceTree = "<group>"; };
		787FCDB928525270002CE6B8 /* Onboarding.storyboard */ = {isa = PBXFileReference; fileEncoding = 4; lastKnownFileType = file.storyboard; path = Onboarding.storyboard; sourceTree = "<group>"; };
		787FCDBB28530BD8002CE6B8 /* WalkthroughContentVC.swift */ = {isa = PBXFileReference; lastKnownFileType = sourcecode.swift; path = WalkthroughContentVC.swift; sourceTree = "<group>"; };
		787FCDBD28530C1D002CE6B8 /* WalkthroughPageVC.swift */ = {isa = PBXFileReference; lastKnownFileType = sourcecode.swift; path = WalkthroughPageVC.swift; sourceTree = "<group>"; };
		787FCDBF28530C45002CE6B8 /* WalkthroughVC.swift */ = {isa = PBXFileReference; lastKnownFileType = sourcecode.swift; path = WalkthroughVC.swift; sourceTree = "<group>"; };
		7896D5692840B00A0094A354 /* LocationPickerVC.swift */ = {isa = PBXFileReference; lastKnownFileType = sourcecode.swift; path = LocationPickerVC.swift; sourceTree = "<group>"; };
		7896D572284102F00094A354 /* ChatModels.swift */ = {isa = PBXFileReference; lastKnownFileType = sourcecode.swift; path = ChatModels.swift; sourceTree = "<group>"; };
		7896D574284104BC0094A354 /* SearchResult.swift */ = {isa = PBXFileReference; lastKnownFileType = sourcecode.swift; path = SearchResult.swift; sourceTree = "<group>"; };
		7896D576284105170094A354 /* ProfileViewModel.swift */ = {isa = PBXFileReference; lastKnownFileType = sourcecode.swift; path = ProfileViewModel.swift; sourceTree = "<group>"; };
		7896D57A2843820D0094A354 /* Notification+Extension.swift */ = {isa = PBXFileReference; lastKnownFileType = sourcecode.swift; path = "Notification+Extension.swift"; sourceTree = "<group>"; };
		789F3F5F2835006D00EA5A7C /* ConversationsModels.swift */ = {isa = PBXFileReference; lastKnownFileType = sourcecode.swift; path = ConversationsModels.swift; sourceTree = "<group>"; };
		789F3F61283B494B00EA5A7C /* NewConversationCell.swift */ = {isa = PBXFileReference; lastKnownFileType = sourcecode.swift; path = NewConversationCell.swift; sourceTree = "<group>"; };
		78D09E4228290A85004688AE /* ConversationTableViewCell.swift */ = {isa = PBXFileReference; lastKnownFileType = sourcecode.swift; path = ConversationTableViewCell.swift; sourceTree = "<group>"; };
		78FF3199284D99E100BDA19C /* UIImage+Extension.swift */ = {isa = PBXFileReference; lastKnownFileType = sourcecode.swift; path = "UIImage+Extension.swift"; sourceTree = "<group>"; };
		78FF319B284F245100BDA19C /* BasicAudioController.swift */ = {isa = PBXFileReference; lastKnownFileType = sourcecode.swift; path = BasicAudioController.swift; sourceTree = "<group>"; };
/* End PBXFileReference section */

/* Begin PBXFrameworksBuildPhase section */
		782670F4281EB335005FD952 /* Frameworks */ = {
			isa = PBXFrameworksBuildPhase;
			buildActionMask = 2147483647;
			files = (
				7879DB49282149E30017AC60 /* SDWebImage in Frameworks */,
				78267129281FB03A005FD952 /* FirebaseDatabase in Frameworks */,
				7896D5712840D3AA0094A354 /* FirebaseAnalytics in Frameworks */,
				7879DB4C282150750017AC60 /* RealmSwift in Frameworks */,
				7879DB57282172CA0017AC60 /* FirebaseStorage in Frameworks */,
				7879DB3D2820D6EF0017AC60 /* GoogleSignIn in Frameworks */,
				7896D56D2840D1B70094A354 /* FirebaseCrashlytics in Frameworks */,
				7879DB4F282151B10017AC60 /* JGProgressHUD in Frameworks */,
				7841ACC72849E50100F6626A /* FirebaseMessaging in Frameworks */,
				78267127281FB039005FD952 /* FirebaseAuth in Frameworks */,
				7879DB54282172870017AC60 /* FirebaseDatabase in Frameworks */,
				7826713228201385005FD952 /* FacebookLogin in Frameworks */,
				7879DB46282148600017AC60 /* MessageKit in Frameworks */,
			);
			runOnlyForDeploymentPostprocessing = 0;
		};
/* End PBXFrameworksBuildPhase section */

/* Begin PBXGroup section */
		782670EE281EB335005FD952 = {
			isa = PBXGroup;
			children = (
				782670F9281EB335005FD952 /* Messenger */,
				782670F8281EB335005FD952 /* Products */,
			);
			sourceTree = "<group>";
		};
		782670F8281EB335005FD952 /* Products */ = {
			isa = PBXGroup;
			children = (
				782670F7281EB335005FD952 /* Messenger.app */,
			);
			name = Products;
			sourceTree = "<group>";
		};
		782670F9281EB335005FD952 /* Messenger */ = {
			isa = PBXGroup;
			children = (
				7826713328201400005FD952 /* Messenger.entitlements */,
				7826710E281EB819005FD952 /* Resources */,
				7896D57D284382480094A354 /* Database */,
				7896D57C2843822E0094A354 /* Extension */,
				78267110281EB82D005FD952 /* Model */,
				78267111281EB834005FD952 /* Views */,
				78267112281EB839005FD952 /* Controllers */,
				78267108281EB335005FD952 /* Info.plist */,
				7826712E281FDBF3005FD952 /* GoogleService-Info.plist */,
			);
			path = Messenger;
			sourceTree = "<group>";
		};
		7826710E281EB819005FD952 /* Resources */ = {
			isa = PBXGroup;
			children = (
				782670FA281EB335005FD952 /* AppDelegate.swift */,
				782670FC281EB335005FD952 /* SceneDelegate.swift */,
			);
			path = Resources;
			sourceTree = "<group>";
		};
		78267110281EB82D005FD952 /* Model */ = {
			isa = PBXGroup;
			children = (
				789F3F5F2835006D00EA5A7C /* ConversationsModels.swift */,
				7896D572284102F00094A354 /* ChatModels.swift */,
				7896D574284104BC0094A354 /* SearchResult.swift */,
				7896D576284105170094A354 /* ProfileViewModel.swift */,
			);
			path = Model;
			sourceTree = "<group>";
		};
		78267111281EB834005FD952 /* Views */ = {
			isa = PBXGroup;
			children = (
				78267113281EB885005FD952 /* Storyboards */,
				78267103281EB335005FD952 /* Assets.xcassets */,
				78D09E4228290A85004688AE /* ConversationTableViewCell.swift */,
				789F3F61283B494B00EA5A7C /* NewConversationCell.swift */,
				787FCDB32851DE8B002CE6B8 /* ProfileTableViewCell.swift */,
				7829F003284F87AF00228B69 /* BindingTextField.swift */,
			);
			path = Views;
			sourceTree = "<group>";
		};
		78267112281EB839005FD952 /* Controllers */ = {
			isa = PBXGroup;
			children = (
				78267122281ED093005FD952 /* Login */,
				78267114281EB8F1005FD952 /* ConversationsVC.swift */,
				7879DB50282157090017AC60 /* ChatVC.swift */,
				7826711E281EBA6D005FD952 /* NewConversationVC.swift */,
				7826711A281EBA28005FD952 /* PhotoViewerVC.swift */,
				7896D5692840B00A0094A354 /* LocationPickerVC.swift */,
				78677E79284CEC0800DA0945 /* AudioVC.swift */,
				78267120281EBA91005FD952 /* ProfileVC.swift */,
				787FCDB52851FBCB002CE6B8 /* AppInfoVC.swift */,
				78FF319B284F245100BDA19C /* BasicAudioController.swift */,
				787FCDBB28530BD8002CE6B8 /* WalkthroughContentVC.swift */,
				787FCDBD28530C1D002CE6B8 /* WalkthroughPageVC.swift */,
				787FCDBF28530C45002CE6B8 /* WalkthroughVC.swift */,
			);
			path = Controllers;
			sourceTree = "<group>";
		};
		78267113281EB885005FD952 /* Storyboards */ = {
			isa = PBXGroup;
			children = (
				78267100281EB335005FD952 /* Main.storyboard */,
				78267105281EB335005FD952 /* LaunchScreen.storyboard */,
				787FCDB928525270002CE6B8 /* Onboarding.storyboard */,
			);
			path = Storyboards;
			sourceTree = "<group>";
		};
		78267122281ED093005FD952 /* Login */ = {
			isa = PBXGroup;
			children = (
				78267116281EB9F7005FD952 /* LoginVC.swift */,
				78267118281EBA07005FD952 /* RegisterVC.swift */,
			);
			path = Login;
			sourceTree = "<group>";
		};
		7896D57C2843822E0094A354 /* Extension */ = {
			isa = PBXGroup;
			children = (
				78267123281ED4A7005FD952 /* UIView+Extension.swift */,
				78FF3199284D99E100BDA19C /* UIImage+Extension.swift */,
				7896D57A2843820D0094A354 /* Notification+Extension.swift */,
				7829F001284F633000228B69 /* String+Extension.swift */,
			);
			path = Extension;
			sourceTree = "<group>";
		};
		7896D57D284382480094A354 /* Database */ = {
			isa = PBXGroup;
			children = (
				7826712C281FD962005FD952 /* DatabaseManager.swift */,
				7879DB58282175330017AC60 /* StorageManager.swift */,
			);
			path = Database;
			sourceTree = "<group>";
		};
/* End PBXGroup section */

/* Begin PBXNativeTarget section */
		782670F6281EB335005FD952 /* Messenger */ = {
			isa = PBXNativeTarget;
			buildConfigurationList = 7826710B281EB335005FD952 /* Build configuration list for PBXNativeTarget "Messenger" */;
			buildPhases = (
				782670F3281EB335005FD952 /* Sources */,
				782670F4281EB335005FD952 /* Frameworks */,
				782670F5281EB335005FD952 /* Resources */,
				7896D56E2840D2C90094A354 /* ShellScript */,
			);
			buildRules = (
			);
			dependencies = (
			);
			name = Messenger;
			packageProductDependencies = (
				78267126281FB039005FD952 /* FirebaseAuth */,
				78267128281FB039005FD952 /* FirebaseDatabase */,
				7826713128201385005FD952 /* FacebookLogin */,
				7879DB3C2820D6EF0017AC60 /* GoogleSignIn */,
				7879DB45282148600017AC60 /* MessageKit */,
				7879DB48282149E30017AC60 /* SDWebImage */,
				7879DB4B282150750017AC60 /* RealmSwift */,
				7879DB4E282151B10017AC60 /* JGProgressHUD */,
				7879DB53282172870017AC60 /* FirebaseDatabase */,
				7879DB56282172CA0017AC60 /* FirebaseStorage */,
				7896D56C2840D1B70094A354 /* FirebaseCrashlytics */,
				7896D5702840D3AA0094A354 /* FirebaseAnalytics */,
				7841ACC62849E50100F6626A /* FirebaseMessaging */,
			);
			productName = Messenger;
			productReference = 782670F7281EB335005FD952 /* Messenger.app */;
			productType = "com.apple.product-type.application";
		};
/* End PBXNativeTarget section */

/* Begin PBXProject section */
		782670EF281EB335005FD952 /* Project object */ = {
			isa = PBXProject;
			attributes = {
				BuildIndependentTargetsInParallel = 1;
				LastSwiftUpdateCheck = 1330;
				LastUpgradeCheck = 1330;
				TargetAttributes = {
					782670F6281EB335005FD952 = {
						CreatedOnToolsVersion = 13.3;
					};
				};
			};
			buildConfigurationList = 782670F2281EB335005FD952 /* Build configuration list for PBXProject "Messenger" */;
			compatibilityVersion = "Xcode 13.0";
			developmentRegion = en;
			hasScannedForEncodings = 0;
			knownRegions = (
				en,
				Base,
			);
			mainGroup = 782670EE281EB335005FD952;
			packageReferences = (
				78267125281FB039005FD952 /* XCRemoteSwiftPackageReference "firebase-ios-sdk" */,
				7826713028201385005FD952 /* XCRemoteSwiftPackageReference "facebook-ios-sdk" */,
				7879DB3B2820D6EF0017AC60 /* XCRemoteSwiftPackageReference "GoogleSignIn-iOS" */,
				7879DB44282148600017AC60 /* XCRemoteSwiftPackageReference "MessageKit" */,
				7879DB47282149E30017AC60 /* XCRemoteSwiftPackageReference "SDWebImage" */,
				7879DB4A282150750017AC60 /* XCRemoteSwiftPackageReference "realm-swift" */,
				7879DB4D282151B10017AC60 /* XCRemoteSwiftPackageReference "JGProgressHUD" */,
				7879DB52282172870017AC60 /* XCRemoteSwiftPackageReference "firebase-ios-sdk" */,
				7879DB55282172CA0017AC60 /* XCRemoteSwiftPackageReference "firebase-ios-sdk" */,
				7896D56B2840D1B70094A354 /* XCRemoteSwiftPackageReference "firebase-ios-sdk" */,
				7896D56F2840D3AA0094A354 /* XCRemoteSwiftPackageReference "firebase-ios-sdk" */,
				7841ACC52849E50100F6626A /* XCRemoteSwiftPackageReference "firebase-ios-sdk" */,
			);
			productRefGroup = 782670F8281EB335005FD952 /* Products */;
			projectDirPath = "";
			projectRoot = "";
			targets = (
				782670F6281EB335005FD952 /* Messenger */,
			);
		};
/* End PBXProject section */

/* Begin PBXResourcesBuildPhase section */
		782670F5281EB335005FD952 /* Resources */ = {
			isa = PBXResourcesBuildPhase;
			buildActionMask = 2147483647;
			files = (
				78267107281EB335005FD952 /* LaunchScreen.storyboard in Resources */,
				787FCDBA28525270002CE6B8 /* Onboarding.storyboard in Resources */,
				7826712F281FDBF3005FD952 /* GoogleService-Info.plist in Resources */,
				78267104281EB335005FD952 /* Assets.xcassets in Resources */,
				78267102281EB335005FD952 /* Main.storyboard in Resources */,
			);
			runOnlyForDeploymentPostprocessing = 0;
		};
/* End PBXResourcesBuildPhase section */

/* Begin PBXShellScriptBuildPhase section */
		7896D56E2840D2C90094A354 /* ShellScript */ = {
			isa = PBXShellScriptBuildPhase;
			buildActionMask = 2147483647;
			files = (
			);
			inputFileListPaths = (
			);
			inputPaths = (
			);
			outputFileListPaths = (
			);
			outputPaths = (
			);
			runOnlyForDeploymentPostprocessing = 0;
			shellPath = /bin/sh;
			shellScript = "# Type a script or drag a script file from your workspace to insert its path.\n\"${BUILD_DIR%/Build/*}/SourcePackages/checkouts/firebase-ios-sdk/Crashlytics/run\"\n";
		};
/* End PBXShellScriptBuildPhase section */

/* Begin PBXSourcesBuildPhase section */
		782670F3281EB335005FD952 /* Sources */ = {
			isa = PBXSourcesBuildPhase;
			buildActionMask = 2147483647;
			files = (
				7826711F281EBA6D005FD952 /* NewConversationVC.swift in Sources */,
				7896D577284105170094A354 /* ProfileViewModel.swift in Sources */,
				787FCDB62851FBCB002CE6B8 /* AppInfoVC.swift in Sources */,
				7829F004284F87AF00228B69 /* BindingTextField.swift in Sources */,
				7826712D281FD962005FD952 /* DatabaseManager.swift in Sources */,
				7896D573284102F00094A354 /* ChatModels.swift in Sources */,
				7896D56A2840B00A0094A354 /* LocationPickerVC.swift in Sources */,
				782670FB281EB335005FD952 /* AppDelegate.swift in Sources */,
				78267121281EBA91005FD952 /* ProfileVC.swift in Sources */,
				787FCDC028530C45002CE6B8 /* WalkthroughVC.swift in Sources */,
				782670FD281EB335005FD952 /* SceneDelegate.swift in Sources */,
				78267124281ED4A7005FD952 /* UIView+Extension.swift in Sources */,
				78FF319A284D99E200BDA19C /* UIImage+Extension.swift in Sources */,
				7896D575284104BC0094A354 /* SearchResult.swift in Sources */,
				78677E7A284CEC0800DA0945 /* AudioVC.swift in Sources */,
				7879DB51282157090017AC60 /* ChatVC.swift in Sources */,
				78267117281EB9F7005FD952 /* LoginVC.swift in Sources */,
				789F3F62283B494B00EA5A7C /* NewConversationCell.swift in Sources */,
				7826711B281EBA28005FD952 /* PhotoViewerVC.swift in Sources */,
				7829F002284F633000228B69 /* String+Extension.swift in Sources */,
				787FCDBE28530C1D002CE6B8 /* WalkthroughPageVC.swift in Sources */,
				78D09E4328290A85004688AE /* ConversationTableViewCell.swift in Sources */,
				78267115281EB8F1005FD952 /* ConversationsVC.swift in Sources */,
				78FF319C284F245100BDA19C /* BasicAudioController.swift in Sources */,
				78267119281EBA07005FD952 /* RegisterVC.swift in Sources */,
				789F3F602835006D00EA5A7C /* ConversationsModels.swift in Sources */,
				787FCDB42851DE8B002CE6B8 /* ProfileTableViewCell.swift in Sources */,
				787FCDBC28530BD8002CE6B8 /* WalkthroughContentVC.swift in Sources */,
				7896D57B2843820D0094A354 /* Notification+Extension.swift in Sources */,
				7879DB59282175330017AC60 /* StorageManager.swift in Sources */,
			);
			runOnlyForDeploymentPostprocessing = 0;
		};
/* End PBXSourcesBuildPhase section */

/* Begin PBXVariantGroup section */
		78267100281EB335005FD952 /* Main.storyboard */ = {
			isa = PBXVariantGroup;
			children = (
				78267101281EB335005FD952 /* Base */,
			);
			name = Main.storyboard;
			sourceTree = "<group>";
		};
		78267105281EB335005FD952 /* LaunchScreen.storyboard */ = {
			isa = PBXVariantGroup;
			children = (
				78267106281EB335005FD952 /* Base */,
			);
			name = LaunchScreen.storyboard;
			sourceTree = "<group>";
		};
/* End PBXVariantGroup section */

/* Begin XCBuildConfiguration section */
		78267109281EB335005FD952 /* Debug */ = {
			isa = XCBuildConfiguration;
			buildSettings = {
				ALWAYS_SEARCH_USER_PATHS = NO;
				CLANG_ANALYZER_NONNULL = YES;
				CLANG_ANALYZER_NUMBER_OBJECT_CONVERSION = YES_AGGRESSIVE;
				CLANG_CXX_LANGUAGE_STANDARD = "gnu++17";
				CLANG_ENABLE_MODULES = YES;
				CLANG_ENABLE_OBJC_ARC = YES;
				CLANG_ENABLE_OBJC_WEAK = YES;
				CLANG_WARN_BLOCK_CAPTURE_AUTORELEASING = YES;
				CLANG_WARN_BOOL_CONVERSION = YES;
				CLANG_WARN_COMMA = YES;
				CLANG_WARN_CONSTANT_CONVERSION = YES;
				CLANG_WARN_DEPRECATED_OBJC_IMPLEMENTATIONS = YES;
				CLANG_WARN_DIRECT_OBJC_ISA_USAGE = YES_ERROR;
				CLANG_WARN_DOCUMENTATION_COMMENTS = YES;
				CLANG_WARN_EMPTY_BODY = YES;
				CLANG_WARN_ENUM_CONVERSION = YES;
				CLANG_WARN_INFINITE_RECURSION = YES;
				CLANG_WARN_INT_CONVERSION = YES;
				CLANG_WARN_NON_LITERAL_NULL_CONVERSION = YES;
				CLANG_WARN_OBJC_IMPLICIT_RETAIN_SELF = YES;
				CLANG_WARN_OBJC_LITERAL_CONVERSION = YES;
				CLANG_WARN_OBJC_ROOT_CLASS = YES_ERROR;
				CLANG_WARN_QUOTED_INCLUDE_IN_FRAMEWORK_HEADER = YES;
				CLANG_WARN_RANGE_LOOP_ANALYSIS = YES;
				CLANG_WARN_STRICT_PROTOTYPES = YES;
				CLANG_WARN_SUSPICIOUS_MOVE = YES;
				CLANG_WARN_UNGUARDED_AVAILABILITY = YES_AGGRESSIVE;
				CLANG_WARN_UNREACHABLE_CODE = YES;
				CLANG_WARN__DUPLICATE_METHOD_MATCH = YES;
				COPY_PHASE_STRIP = NO;
				DEBUG_INFORMATION_FORMAT = dwarf;
				ENABLE_STRICT_OBJC_MSGSEND = YES;
				ENABLE_TESTABILITY = YES;
				GCC_C_LANGUAGE_STANDARD = gnu11;
				GCC_DYNAMIC_NO_PIC = NO;
				GCC_NO_COMMON_BLOCKS = YES;
				GCC_OPTIMIZATION_LEVEL = 0;
				GCC_PREPROCESSOR_DEFINITIONS = (
					"DEBUG=1",
					"$(inherited)",
				);
				GCC_WARN_64_TO_32_BIT_CONVERSION = YES;
				GCC_WARN_ABOUT_RETURN_TYPE = YES_ERROR;
				GCC_WARN_UNDECLARED_SELECTOR = YES;
				GCC_WARN_UNINITIALIZED_AUTOS = YES_AGGRESSIVE;
				GCC_WARN_UNUSED_FUNCTION = YES;
				GCC_WARN_UNUSED_VARIABLE = YES;
				IPHONEOS_DEPLOYMENT_TARGET = 15.4;
				MTL_ENABLE_DEBUG_INFO = INCLUDE_SOURCE;
				MTL_FAST_MATH = YES;
				ONLY_ACTIVE_ARCH = YES;
				SDKROOT = iphoneos;
				SWIFT_ACTIVE_COMPILATION_CONDITIONS = DEBUG;
				SWIFT_OPTIMIZATION_LEVEL = "-Onone";
			};
			name = Debug;
		};
		7826710A281EB335005FD952 /* Release */ = {
			isa = XCBuildConfiguration;
			buildSettings = {
				ALWAYS_SEARCH_USER_PATHS = NO;
				CLANG_ANALYZER_NONNULL = YES;
				CLANG_ANALYZER_NUMBER_OBJECT_CONVERSION = YES_AGGRESSIVE;
				CLANG_CXX_LANGUAGE_STANDARD = "gnu++17";
				CLANG_ENABLE_MODULES = YES;
				CLANG_ENABLE_OBJC_ARC = YES;
				CLANG_ENABLE_OBJC_WEAK = YES;
				CLANG_WARN_BLOCK_CAPTURE_AUTORELEASING = YES;
				CLANG_WARN_BOOL_CONVERSION = YES;
				CLANG_WARN_COMMA = YES;
				CLANG_WARN_CONSTANT_CONVERSION = YES;
				CLANG_WARN_DEPRECATED_OBJC_IMPLEMENTATIONS = YES;
				CLANG_WARN_DIRECT_OBJC_ISA_USAGE = YES_ERROR;
				CLANG_WARN_DOCUMENTATION_COMMENTS = YES;
				CLANG_WARN_EMPTY_BODY = YES;
				CLANG_WARN_ENUM_CONVERSION = YES;
				CLANG_WARN_INFINITE_RECURSION = YES;
				CLANG_WARN_INT_CONVERSION = YES;
				CLANG_WARN_NON_LITERAL_NULL_CONVERSION = YES;
				CLANG_WARN_OBJC_IMPLICIT_RETAIN_SELF = YES;
				CLANG_WARN_OBJC_LITERAL_CONVERSION = YES;
				CLANG_WARN_OBJC_ROOT_CLASS = YES_ERROR;
				CLANG_WARN_QUOTED_INCLUDE_IN_FRAMEWORK_HEADER = YES;
				CLANG_WARN_RANGE_LOOP_ANALYSIS = YES;
				CLANG_WARN_STRICT_PROTOTYPES = YES;
				CLANG_WARN_SUSPICIOUS_MOVE = YES;
				CLANG_WARN_UNGUARDED_AVAILABILITY = YES_AGGRESSIVE;
				CLANG_WARN_UNREACHABLE_CODE = YES;
				CLANG_WARN__DUPLICATE_METHOD_MATCH = YES;
				COPY_PHASE_STRIP = NO;
				DEBUG_INFORMATION_FORMAT = dwarf;
				ENABLE_NS_ASSERTIONS = NO;
				ENABLE_STRICT_OBJC_MSGSEND = YES;
				GCC_C_LANGUAGE_STANDARD = gnu11;
				GCC_NO_COMMON_BLOCKS = YES;
				GCC_WARN_64_TO_32_BIT_CONVERSION = YES;
				GCC_WARN_ABOUT_RETURN_TYPE = YES_ERROR;
				GCC_WARN_UNDECLARED_SELECTOR = YES;
				GCC_WARN_UNINITIALIZED_AUTOS = YES_AGGRESSIVE;
				GCC_WARN_UNUSED_FUNCTION = YES;
				GCC_WARN_UNUSED_VARIABLE = YES;
				IPHONEOS_DEPLOYMENT_TARGET = 15.4;
				MTL_ENABLE_DEBUG_INFO = NO;
				MTL_FAST_MATH = YES;
				SDKROOT = iphoneos;
				SWIFT_COMPILATION_MODE = wholemodule;
				SWIFT_OPTIMIZATION_LEVEL = "-O";
				VALIDATE_PRODUCT = YES;
			};
			name = Release;
		};
		7826710C281EB335005FD952 /* Debug */ = {
			isa = XCBuildConfiguration;
			buildSettings = {
				ASSETCATALOG_COMPILER_APPICON_NAME = AppIcon;
				ASSETCATALOG_COMPILER_GLOBAL_ACCENT_COLOR_NAME = AccentColor;
				CODE_SIGN_ENTITLEMENTS = Messenger/Messenger.entitlements;
				CODE_SIGN_STYLE = Automatic;
				CURRENT_PROJECT_VERSION = 1;
				DEBUG_INFORMATION_FORMAT = dwarf;
				DEVELOPMENT_TEAM = 2B5A97LZH4;
				GENERATE_INFOPLIST_FILE = YES;
				INFOPLIST_FILE = Messenger/Info.plist;
				INFOPLIST_KEY_CFBundleDisplayName = Chaaat;
				INFOPLIST_KEY_NSCameraUsageDescription = "Please allow access to  taka a profile picture";
				INFOPLIST_KEY_NSMicrophoneUsageDescription = "Please allow access to send audio and video messages.";
				INFOPLIST_KEY_NSPhotoLibraryAddUsageDescription = "Please allow access to select a photo for your profile.";
				INFOPLIST_KEY_NSPhotoLibraryUsageDescription = "Please allow access to take a profile picture";
				INFOPLIST_KEY_UIApplicationSupportsIndirectInputEvents = YES;
				INFOPLIST_KEY_UILaunchStoryboardName = LaunchScreen;
				INFOPLIST_KEY_UIMainStoryboardFile = Main;
				INFOPLIST_KEY_UISupportedInterfaceOrientations = UIInterfaceOrientationPortrait;
				INFOPLIST_KEY_UISupportedInterfaceOrientations_iPad = "UIInterfaceOrientationPortrait UIInterfaceOrientationPortraitUpsideDown";
				INFOPLIST_KEY_UISupportedInterfaceOrientations_iPhone = "UIInterfaceOrientationPortrait UIInterfaceOrientationLandscapeLeft UIInterfaceOrientationLandscapeRight";
				IPHONEOS_DEPLOYMENT_TARGET = 15.0;
				LD_RUNPATH_SEARCH_PATHS = (
					"$(inherited)",
					"@executable_path/Frameworks",
				);
				MARKETING_VERSION = 1.0;
				PRODUCT_BUNDLE_IDENTIFIER = willy.sideProject.Messenger;
				PRODUCT_NAME = "$(TARGET_NAME)";
				SWIFT_EMIT_LOC_STRINGS = YES;
				SWIFT_VERSION = 5.0;
				TARGETED_DEVICE_FAMILY = 1;
			};
			name = Debug;
		};
		7826710D281EB335005FD952 /* Release */ = {
			isa = XCBuildConfiguration;
			buildSettings = {
				ASSETCATALOG_COMPILER_APPICON_NAME = AppIcon;
				ASSETCATALOG_COMPILER_GLOBAL_ACCENT_COLOR_NAME = AccentColor;
				CODE_SIGN_ENTITLEMENTS = Messenger/Messenger.entitlements;
				CODE_SIGN_STYLE = Automatic;
				CURRENT_PROJECT_VERSION = 1;
				DEBUG_INFORMATION_FORMAT = dwarf;
				DEVELOPMENT_TEAM = 2B5A97LZH4;
				GENERATE_INFOPLIST_FILE = YES;
				INFOPLIST_FILE = Messenger/Info.plist;
				INFOPLIST_KEY_CFBundleDisplayName = Chaaat;
				INFOPLIST_KEY_NSCameraUsageDescription = "Please allow access to  taka a profile picture";
				INFOPLIST_KEY_NSMicrophoneUsageDescription = "Please allow access to send audio and video messages.";
				INFOPLIST_KEY_NSPhotoLibraryAddUsageDescription = "Please allow access to select a photo for your profile.";
				INFOPLIST_KEY_NSPhotoLibraryUsageDescription = "Please allow access to take a profile picture";
				INFOPLIST_KEY_UIApplicationSupportsIndirectInputEvents = YES;
				INFOPLIST_KEY_UILaunchStoryboardName = LaunchScreen;
				INFOPLIST_KEY_UIMainStoryboardFile = Main;
				INFOPLIST_KEY_UISupportedInterfaceOrientations = UIInterfaceOrientationPortrait;
				INFOPLIST_KEY_UISupportedInterfaceOrientations_iPad = "UIInterfaceOrientationPortrait UIInterfaceOrientationPortraitUpsideDown";
				INFOPLIST_KEY_UISupportedInterfaceOrientations_iPhone = "UIInterfaceOrientationPortrait UIInterfaceOrientationLandscapeLeft UIInterfaceOrientationLandscapeRight";
				IPHONEOS_DEPLOYMENT_TARGET = 15.0;
				LD_RUNPATH_SEARCH_PATHS = (
					"$(inherited)",
					"@executable_path/Frameworks",
				);
				MARKETING_VERSION = 1.0;
				PRODUCT_BUNDLE_IDENTIFIER = willy.sideProject.Messenger;
				PRODUCT_NAME = "$(TARGET_NAME)";
				SWIFT_EMIT_LOC_STRINGS = YES;
				SWIFT_VERSION = 5.0;
				TARGETED_DEVICE_FAMILY = 1;
			};
			name = Release;
		};
/* End XCBuildConfiguration section */

/* Begin XCConfigurationList section */
		782670F2281EB335005FD952 /* Build configuration list for PBXProject "Messenger" */ = {
			isa = XCConfigurationList;
			buildConfigurations = (
				78267109281EB335005FD952 /* Debug */,
				7826710A281EB335005FD952 /* Release */,
			);
			defaultConfigurationIsVisible = 0;
			defaultConfigurationName = Release;
		};
		7826710B281EB335005FD952 /* Build configuration list for PBXNativeTarget "Messenger" */ = {
			isa = XCConfigurationList;
			buildConfigurations = (
				7826710C281EB335005FD952 /* Debug */,
				7826710D281EB335005FD952 /* Release */,
			);
			defaultConfigurationIsVisible = 0;
			defaultConfigurationName = Release;
		};
/* End XCConfigurationList section */

/* Begin XCRemoteSwiftPackageReference section */
		78267125281FB039005FD952 /* XCRemoteSwiftPackageReference "firebase-ios-sdk" */ = {
			isa = XCRemoteSwiftPackageReference;
			repositoryURL = "https://github.com/firebase/firebase-ios-sdk";
			requirement = {
				kind = upToNextMajorVersion;
				minimumVersion = 8.15.0;
			};
		};
		7826713028201385005FD952 /* XCRemoteSwiftPackageReference "facebook-ios-sdk" */ = {
			isa = XCRemoteSwiftPackageReference;
			repositoryURL = "https://github.com/facebook/facebook-ios-sdk";
			requirement = {
				kind = upToNextMinorVersion;
				minimumVersion = 13.2.0;
			};
		};
		7841ACC52849E50100F6626A /* XCRemoteSwiftPackageReference "firebase-ios-sdk" */ = {
			isa = XCRemoteSwiftPackageReference;
			repositoryURL = "https://github.com/firebase/firebase-ios-sdk";
			requirement = {
				kind = upToNextMinorVersion;
				minimumVersion = 8.15.0;
			};
		};
		7879DB3B2820D6EF0017AC60 /* XCRemoteSwiftPackageReference "GoogleSignIn-iOS" */ = {
			isa = XCRemoteSwiftPackageReference;
			repositoryURL = "https://github.com/google/GoogleSignIn-iOS";
			requirement = {
				kind = upToNextMajorVersion;
				minimumVersion = 6.1.0;
			};
		};
		7879DB44282148600017AC60 /* XCRemoteSwiftPackageReference "MessageKit" */ = {
			isa = XCRemoteSwiftPackageReference;
			repositoryURL = "https://github.com/MessageKit/MessageKit";
			requirement = {
				kind = upToNextMajorVersion;
				minimumVersion = 3.8.0;
			};
		};
		7879DB47282149E30017AC60 /* XCRemoteSwiftPackageReference "SDWebImage" */ = {
			isa = XCRemoteSwiftPackageReference;
			repositoryURL = "https://github.com/SDWebImage/SDWebImage";
			requirement = {
				kind = upToNextMinorVersion;
				minimumVersion = 5.12.0;
			};
		};
		7879DB4A282150750017AC60 /* XCRemoteSwiftPackageReference "realm-swift" */ = {
			isa = XCRemoteSwiftPackageReference;
			repositoryURL = "https://github.com/realm/realm-swift";
			requirement = {
				kind = upToNextMajorVersion;
				minimumVersion = 10.25.2;
			};
		};
		7879DB4D282151B10017AC60 /* XCRemoteSwiftPackageReference "JGProgressHUD" */ = {
			isa = XCRemoteSwiftPackageReference;
			repositoryURL = "https://github.com/JonasGessner/JGProgressHUD";
			requirement = {
				kind = upToNextMajorVersion;
				minimumVersion = 2.2.0;
			};
		};
		7879DB52282172870017AC60 /* XCRemoteSwiftPackageReference "firebase-ios-sdk" */ = {
			isa = XCRemoteSwiftPackageReference;
			repositoryURL = "https://github.com/firebase/firebase-ios-sdk";
			requirement = {
				kind = upToNextMinorVersion;
				minimumVersion = 8.15.0;
			};
		};
		7879DB55282172CA0017AC60 /* XCRemoteSwiftPackageReference "firebase-ios-sdk" */ = {
			isa = XCRemoteSwiftPackageReference;
			repositoryURL = "https://github.com/firebase/firebase-ios-sdk";
			requirement = {
				kind = upToNextMinorVersion;
				minimumVersion = 8.15.0;
			};
		};
		7896D56B2840D1B70094A354 /* XCRemoteSwiftPackageReference "firebase-ios-sdk" */ = {
			isa = XCRemoteSwiftPackageReference;
			repositoryURL = "https://github.com/firebase/firebase-ios-sdk";
			requirement = {
				kind = upToNextMinorVersion;
				minimumVersion = 8.15.0;
			};
		};
		7896D56F2840D3AA0094A354 /* XCRemoteSwiftPackageReference "firebase-ios-sdk" */ = {
			isa = XCRemoteSwiftPackageReference;
			repositoryURL = "https://github.com/firebase/firebase-ios-sdk";
			requirement = {
				kind = upToNextMajorVersion;
				minimumVersion = 8.15.0;
			};
		};
/* End XCRemoteSwiftPackageReference section */

/* Begin XCSwiftPackageProductDependency section */
		78267126281FB039005FD952 /* FirebaseAuth */ = {
			isa = XCSwiftPackageProductDependency;
			package = 78267125281FB039005FD952 /* XCRemoteSwiftPackageReference "firebase-ios-sdk" */;
			productName = FirebaseAuth;
		};
		78267128281FB039005FD952 /* FirebaseDatabase */ = {
			isa = XCSwiftPackageProductDependency;
			package = 78267125281FB039005FD952 /* XCRemoteSwiftPackageReference "firebase-ios-sdk" */;
			productName = FirebaseDatabase;
		};
		7826713128201385005FD952 /* FacebookLogin */ = {
			isa = XCSwiftPackageProductDependency;
			package = 7826713028201385005FD952 /* XCRemoteSwiftPackageReference "facebook-ios-sdk" */;
			productName = FacebookLogin;
		};
		7841ACC62849E50100F6626A /* FirebaseMessaging */ = {
			isa = XCSwiftPackageProductDependency;
			package = 7879DB52282172870017AC60 /* XCRemoteSwiftPackageReference "firebase-ios-sdk" */;
			productName = FirebaseMessaging;
		};
		7879DB3C2820D6EF0017AC60 /* GoogleSignIn */ = {
			isa = XCSwiftPackageProductDependency;
			package = 7879DB3B2820D6EF0017AC60 /* XCRemoteSwiftPackageReference "GoogleSignIn-iOS" */;
			productName = GoogleSignIn;
		};
		7879DB45282148600017AC60 /* MessageKit */ = {
			isa = XCSwiftPackageProductDependency;
			package = 7879DB44282148600017AC60 /* XCRemoteSwiftPackageReference "MessageKit" */;
			productName = MessageKit;
		};
		7879DB48282149E30017AC60 /* SDWebImage */ = {
			isa = XCSwiftPackageProductDependency;
			package = 7879DB47282149E30017AC60 /* XCRemoteSwiftPackageReference "SDWebImage" */;
			productName = SDWebImage;
		};
		7879DB4B282150750017AC60 /* RealmSwift */ = {
			isa = XCSwiftPackageProductDependency;
			package = 7879DB4A282150750017AC60 /* XCRemoteSwiftPackageReference "realm-swift" */;
			productName = RealmSwift;
		};
		7879DB4E282151B10017AC60 /* JGProgressHUD */ = {
			isa = XCSwiftPackageProductDependency;
			package = 7879DB4D282151B10017AC60 /* XCRemoteSwiftPackageReference "JGProgressHUD" */;
			productName = JGProgressHUD;
		};
		7879DB53282172870017AC60 /* FirebaseDatabase */ = {
			isa = XCSwiftPackageProductDependency;
			package = 7879DB52282172870017AC60 /* XCRemoteSwiftPackageReference "firebase-ios-sdk" */;
			productName = FirebaseDatabase;
		};
		7879DB56282172CA0017AC60 /* FirebaseStorage */ = {
			isa = XCSwiftPackageProductDependency;
			package = 7879DB52282172870017AC60 /* XCRemoteSwiftPackageReference "firebase-ios-sdk" */;
			productName = FirebaseStorage;
		};
		7896D56C2840D1B70094A354 /* FirebaseCrashlytics */ = {
			isa = XCSwiftPackageProductDependency;
			package = 7879DB52282172870017AC60 /* XCRemoteSwiftPackageReference "firebase-ios-sdk" */;
			productName = FirebaseCrashlytics;
		};
		7896D5702840D3AA0094A354 /* FirebaseAnalytics */ = {
			isa = XCSwiftPackageProductDependency;
			package = 78267125281FB039005FD952 /* XCRemoteSwiftPackageReference "firebase-ios-sdk" */;
			productName = FirebaseAnalytics;
		};
/* End XCSwiftPackageProductDependency section */
	};
	rootObject = 782670EF281EB335005FD952 /* Project object */;
}
